# THIS IS AN AUTOGENERATED FILE. DO NOT EDIT THIS FILE DIRECTLY.
# yarn lockfile v1


"@types/node@>=8.1.0":
  version "14.10.2"
  resolved "https://registry.yarnpkg.com/@types/node/-/node-14.10.2.tgz#9b47a2c8e4dabd4db73b57e750b24af689600514"
  integrity sha512-IzMhbDYCpv26pC2wboJ4MMOa9GKtjplXfcAqrMeNJpUUwpM/2ATt2w1JPUXwS6spu856TvKZL2AOmeU2rAxskw==

qs@^6.6.0:
  version "6.9.4"
  resolved "https://registry.yarnpkg.com/qs/-/qs-6.9.4.tgz#9090b290d1f91728d3c22e54843ca44aea5ab687"
  integrity sha512-A1kFqHekCTM7cz0udomYUoYNWjBebHm/5wzU/XqrBRBNWectVH0QIiN+NEcZ0Dte5hvzHwbr8+XQmguPhJ6WdQ==

stripe@^8.96.0:
  version "8.96.0"
  resolved "https://registry.yarnpkg.com/stripe/-/stripe-8.96.0.tgz#10c3f91406716dc7fdf1c92d54e1e8a4d205cc3f"
  integrity sha512-9bfPq7UYt9+q1pLznyrqWKtyeN1OAdsTQ8X6rleZW0fUeT1jpOhQaEVxq0vnbeqncbiJ1i46JvZp0FUNrfKZ4g==
  dependencies:
    "@types/node" ">=8.1.0"
    qs "^6.6.0"
